
Microsoft Visual Studio Solution File, Format Version 12.00
# Visual Studio 2012
Project("{FAE04EC0-301F-11D3-BF4B-00C04F79EFBC}") = "ListViewSeparator", "ListViewSeperator\ListViewSeparator.csproj", "{74AED022-71F7-4E06-ADDA-8E7952AB0907}"
EndProject
Project("{FAE04EC0-301F-11D3-BF4B-00C04F79EFBC}") = "ListViewSeparator.iOS", "iOS\ListViewSeparator.iOS.csproj", "{10480BD2-FBA5-4A58-99F3-AF39229554A5}"
EndProject
Project("{FAE04EC0-301F-11D3-BF4B-00C04F79EFBC}") = "ListViewSeparator.Droid", "Droid\ListViewSeparator.Droid.csproj", "{2D40D98E-EEC1-4CD8-B20F-DB01E55D30DE}"
EndProject
Global
	GlobalSection(SolutionConfigurationPlatforms) = preSolution
		Debug|Any CPU = Debug|Any CPU
		Release|Any CPU = Release|Any CPU
		Debug|iPhoneSimulator = Debug|iPhoneSimulator
		Release|iPhone = Release|iPhone
		Release|iPhoneSimulator = Release|iPhoneSimulator
		Debug|iPhone = Debug|iPhone
	EndGlobalSection
	GlobalSection(ProjectConfigurationPlatforms) = postSolution
		{74AED022-71F7-4E06-ADDA-8E7952AB0907}.Debug|Any CPU.ActiveCfg = Debug|Any CPU
		{74AED022-71F7-4E06-ADDA-8E7952AB0907}.Debug|Any CPU.Build.0 = Debug|Any CPU
		{74AED022-71F7-4E06-ADDA-8E7952AB0907}.Release|Any CPU.ActiveCfg = Release|Any CPU
		{74AED022-71F7-4E06-ADDA-8E7952AB0907}.Release|Any CPU.Build.0 = Release|Any CPU
		{74AED022-71F7-4E06-ADDA-8E7952AB0907}.Debug|iPhoneSimulator.ActiveCfg = Debug|Any CPU
		{74AED022-71F7-4E06-ADDA-8E7952AB0907}.Debug|iPhoneSimulator.Build.0 = Debug|Any CPU
		{74AED022-71F7-4E06-ADDA-8E7952AB0907}.Release|iPhone.ActiveCfg = Release|Any CPU
		{74AED022-71F7-4E06-ADDA-8E7952AB0907}.Release|iPhone.Build.0 = Release|Any CPU
		{74AED022-71F7-4E06-ADDA-8E7952AB0907}.Release|iPhoneSimulator.ActiveCfg = Release|Any CPU
		{74AED022-71F7-4E06-ADDA-8E7952AB0907}.Release|iPhoneSimulator.Build.0 = Release|Any CPU
		{74AED022-71F7-4E06-ADDA-8E7952AB0907}.Debug|iPhone.ActiveCfg = Debug|Any CPU
		{74AED022-71F7-4E06-ADDA-8E7952AB0907}.Debug|iPhone.Build.0 = Debug|Any CPU
		{10480BD2-FBA5-4A58-99F3-AF39229554A5}.Debug|Any CPU.ActiveCfg = Debug|iPhoneSimulator
		{10480BD2-FBA5-4A58-99F3-AF39229554A5}.Debug|Any CPU.Build.0 = Debug|iPhoneSimulator
		{10480BD2-FBA5-4A58-99F3-AF39229554A5}.Release|Any CPU.ActiveCfg = Release|iPhone
		{10480BD2-FBA5-4A58-99F3-AF39229554A5}.Release|Any CPU.Build.0 = Release|iPhone
		{10480BD2-FBA5-4A58-99F3-AF39229554A5}.Debug|iPhoneSimulator.ActiveCfg = Debug|iPhoneSimulator
		{10480BD2-FBA5-4A58-99F3-AF39229554A5}.Debug|iPhoneSimulator.Build.0 = Debug|iPhoneSimulator
		{10480BD2-FBA5-4A58-99F3-AF39229554A5}.Release|iPhone.ActiveCfg = Release|iPhone
		{10480BD2-FBA5-4A58-99F3-AF39229554A5}.Release|iPhone.Build.0 = Release|iPhone
		{10480BD2-FBA5-4A58-99F3-AF39229554A5}.Release|iPhoneSimulator.ActiveCfg = Release|iPhoneSimulator
		{10480BD2-FBA5-4A58-99F3-AF39229554A5}.Release|iPhoneSimulator.Build.0 = Release|iPhoneSimulator
		{10480BD2-FBA5-4A58-99F3-AF39229554A5}.Debug|iPhone.ActiveCfg = Debug|iPhone
		{10480BD2-FBA5-4A58-99F3-AF39229554A5}.Debug|iPhone.Build.0 = Debug|iPhone
		{2D40D98E-EEC1-4CD8-B20F-DB01E55D30DE}.Debug|Any CPU.ActiveCfg = Debug|Any CPU
		{2D40D98E-EEC1-4CD8-B20F-DB01E55D30DE}.Debug|Any CPU.Build.0 = Debug|Any CPU
		{2D40D98E-EEC1-4CD8-B20F-DB01E55D30DE}.Release|Any CPU.ActiveCfg = Release|Any CPU
		{2D40D98E-EEC1-4CD8-B20F-DB01E55D30DE}.Release|Any CPU.Build.0 = Release|Any CPU
		{2D40D98E-EEC1-4CD8-B20F-DB01E55D30DE}.Debug|iPhoneSimulator.ActiveCfg = Debug|Any CPU
		{2D40D98E-EEC1-4CD8-B20F-DB01E55D30DE}.Debug|iPhoneSimulator.Build.0 = Debug|Any CPU
		{2D40D98E-EEC1-4CD8-B20F-DB01E55D30DE}.Release|iPhone.ActiveCfg = Release|Any CPU
		{2D40D98E-EEC1-4CD8-B20F-DB01E55D30DE}.Release|iPhone.Build.0 = Release|Any CPU
		{2D40D98E-EEC1-4CD8-B20F-DB01E55D30DE}.Release|iPhoneSimulator.ActiveCfg = Release|Any CPU
		{2D40D98E-EEC1-4CD8-B20F-DB01E55D30DE}.Release|iPhoneSimulator.Build.0 = Release|Any CPU
		{2D40D98E-EEC1-4CD8-B20F-DB01E55D30DE}.Debug|iPhone.ActiveCfg = Debug|Any CPU
		{2D40D98E-EEC1-4CD8-B20F-DB01E55D30DE}.Debug|iPhone.Build.0 = Debug|Any CPU
	EndGlobalSection
EndGlobal
